// !$*UTF8*$!
{
	archiveVersion = 1;
	classes = {
	};
	objectVersion = 46;
	objects = {

/* Begin PBXBuildFile section */
		11319E951DAD3136007F0090 /* AppDelegate.swift in Sources */ = {isa = PBXBuildFile; fileRef = 11319E941DAD3136007F0090 /* AppDelegate.swift */; };
		11319E971DAD3136007F0090 /* ViewController.swift in Sources */ = {isa = PBXBuildFile; fileRef = 11319E961DAD3136007F0090 /* ViewController.swift */; };
		11319E9A1DAD3136007F0090 /* Main.storyboard in Resources */ = {isa = PBXBuildFile; fileRef = 11319E981DAD3136007F0090 /* Main.storyboard */; };
		11319E9C1DAD3136007F0090 /* Assets.xcassets in Resources */ = {isa = PBXBuildFile; fileRef = 11319E9B1DAD3136007F0090 /* Assets.xcassets */; };
		11319E9F1DAD3136007F0090 /* LaunchScreen.storyboard in Resources */ = {isa = PBXBuildFile; fileRef = 11319E9D1DAD3136007F0090 /* LaunchScreen.storyboard */; };
/* End PBXBuildFile section */

/* Begin PBXFileReference section */
		11319E911DAD3135007F0090 /* UIKitMemoryTests.app */ = {isa = PBXFileReference; explicitFileType = wrapper.application; includeInIndex = 0; path = UIKitMemoryTests.app; sourceTree = BUILT_PRODUCTS_DIR; };
		11319E941DAD3136007F0090 /* AppDelegate.swift */ = {isa = PBXFileReference; lastKnownFileType = sourcecode.swift; path = AppDelegate.swift; sourceTree = "<group>"; };
		11319E961DAD3136007F0090 /* ViewController.swift */ = {isa = PBXFileReference; lastKnownFileType = sourcecode.swift; path = ViewController.swift; sourceTree = "<group>"; };
		11319E991DAD3136007F0090 /* Base */ = {isa = PBXFileReference; lastKnownFileType = file.storyboard; name = Base; path = Base.lproj/Main.storyboard; sourceTree = "<group>"; };
		11319E9B1DAD3136007F0090 /* Assets.xcassets */ = {isa = PBXFileReference; lastKnownFileType = folder.assetcatalog; path = Assets.xcassets; sourceTree = "<group>"; };
		11319E9E1DAD3136007F0090 /* Base */ = {isa = PBXFileReference; lastKnownFileType = file.storyboard; name = Base; path = Base.lproj/LaunchScreen.storyboard; sourceTree = "<group>"; };
		11319EA01DAD3136007F0090 /* Info.plist */ = {isa = PBXFileReference; lastKnownFileType = text.plist.xml; path = Info.plist; sourceTree = "<group>"; };
/* End PBXFileReference section */

/* Begin PBXFrameworksBuildPhase section */
		11319E8E1DAD3135007F0090 /* Frameworks */ = {
			isa = PBXFrameworksBuildPhase;
			buildActionMask = 2147483647;
			files = (
			);
			runOnlyForDeploymentPostprocessing = 0;
		};
/* End PBXFrameworksBuildPhase section */

/* Begin PBXGroup section */
		11319E881DAD3135007F0090 = {
			isa = PBXGroup;
			children = (
				11319E931DAD3136007F0090 /* UIKitMemoryTests */,
				11319E921DAD3135007F0090 /* Products */,
			);
			sourceTree = "<group>";
		};
		11319E921DAD3135007F0090 /* Products */ = {
			isa = PBXGroup;
			children = (
				11319E911DAD3135007F0090 /* UIKitMemoryTests.app */,
			);
			name = Products;
			sourceTree = "<group>";
		};
		11319E931DAD3136007F0090 /* UIKitMemoryTests */ = {
			isa = PBXGroup;
			children = (
				11319E941DAD3136007F0090 /* AppDelegate.swift */,
				11319E961DAD3136007F0090 /* ViewController.swift */,
				11319E981DAD3136007F0090 /* Main.storyboard */,
				11319E9B1DAD3136007F0090 /* Assets.xcassets */,
				11319E9D1DAD3136007F0090 /* LaunchScreen.storyboard */,
				11319EA01DAD3136007F0090 /* Info.plist */,
			);
			path = UIKitMemoryTests;
			sourceTree = "<group>";
		};
/* End PBXGroup section */

/* Begin PBXNativeTarget section */
		11319E901DAD3135007F0090 /* UIKitMemoryTests */ = {
			isa = PBXNativeTarget;
			buildConfigurationList = 11319EA31DAD3136007F0090 /* Build configuration list for PBXNativeTarget "UIKitMemoryTests" */;
			buildPhases = (
				11319E8D1DAD3135007F0090 /* Sources */,
				11319E8E1DAD3135007F0090 /* Frameworks */,
				11319E8F1DAD3135007F0090 /* Resources */,
			);
			buildRules = (
			);
			dependencies = (
			);
			name = UIKitMemoryTests;
			productName = UIKitMemoryTests;
			productReference = 11319E911DAD3135007F0090 /* UIKitMemoryTests.app */;
			productType = "com.apple.product-type.application";
		};
/* End PBXNativeTarget section */

/* Begin PBXProject section */
		11319E891DAD3135007F0090 /* Project object */ = {
			isa = PBXProject;
			attributes = {
				LastSwiftUpdateCheck = 0730;
				LastUpgradeCheck = 0730;
				ORGANIZATIONNAME = "Marco Pappalardo";
				TargetAttributes = {
					11319E901DAD3135007F0090 = {
						CreatedOnToolsVersion = 7.3.1;
					};
				};
			};
			buildConfigurationList = 11319E8C1DAD3135007F0090 /* Build configuration list for PBXProject "UIKitMemoryTests" */;
			compatibilityVersion = "Xcode 3.2";
			developmentRegion = English;
			hasScannedForEncodings = 0;
			knownRegions = (
				en,
				Base,
			);
			mainGroup = 11319E881DAD3135007F0090;
			productRefGroup = 11319E921DAD3135007F0090 /* Products */;
			projectDirPath = "";
			projectRoot = "";
			targets = (
				11319E901DAD3135007F0090 /* UIKitMemoryTests */,
			);
		};
/* End PBXProject section */

/* Begin PBXResourcesBuildPhase section */
		11319E8F1DAD3135007F0090 /* Resources */ = {
			isa = PBXResourcesBuildPhase;
			buildActionMask = 2147483647;
			files = (
				11319E9F1DAD3136007F0090 /* LaunchScreen.storyboard in Resources */,
				11319E9C1DAD3136007F0090 /* Assets.xcassets in Resources */,
				11319E9A1DAD3136007F0090 /* Main.storyboard in Resources */,
			);
			runOnlyForDeploymentPostprocessing = 0;
		};
/* End PBXResourcesBuildPhase section */

/* Begin PBXSourcesBuildPhase section */
		11319E8D1DAD3135007F0090 /* Sources */ = {
			isa = PBXSourcesBuildPhase;
			buildActionMask = 2147483647;
			files = (
				11319E971DAD3136007F0090 /* ViewController.swift in Sources */,
				11319E951DAD3136007F0090 /* AppDelegate.swift in Sources */,
			);
			runOnlyForDeploymentPostprocessing = 0;
		};
/* End PBXSourcesBuildPhase section */

/* Begin PBXVariantGroup section */
		11319E981DAD3136007F0090 /* Main.storyboard */ = {
			isa = PBXVariantGroup;
			children = (
				11319E991DAD3136007F0090 /* Base */,
			);
			name = Main.storyboard;
			sourceTree = "<group>";
		};
		11319E9D1DAD3136007F0090 /* LaunchScreen.storyboard */ = {
			isa = PBXVariantGroup;
			children = (
				11319E9E1DAD3136007F0090 /* Base */,
			);
			name = LaunchScreen.storyboard;
			sourceTree = "<group>";
		};
/* End PBXVariantGroup section */

/* Begin XCBuildConfiguration section */
		11319EA11DAD3136007F0090 /* Debug */ = {
			isa = XCBuildConfiguration;
			buildSettings = {
				ALWAYS_SEARCH_USER_PATHS = NO;
				CLANG_ANALYZER_NONNULL = YES;
				CLANG_CXX_LANGUAGE_STANDARD = "gnu++0x";
				CLANG_CXX_LIBRARY = "libc++";
				CLANG_ENABLE_MODULES = YES;
				CLANG_ENABLE_OBJC_ARC = YES;
				CLANG_WARN_BOOL_CONVERSION = YES;
				CLANG_WARN_CONSTANT_CONVERSION = YES;
				CLANG_WARN_DIRECT_OBJC_ISA_USAGE = YES_ERROR;
				CLANG_WARN_EMPTY_BODY = YES;
				CLANG_WARN_ENUM_CONVERSION = YES;
				CLANG_WARN_INT_CONVERSION = YES;
				CLANG_WARN_OBJC_ROOT_CLASS = YES_ERROR;
				CLANG_WARN_UNREACHABLE_CODE = YES;
				CLANG_WARN__DUPLICATE_METHOD_MATCH = YES;
				"CODE_SIGN_IDENTITY[sdk=iphoneos*]" = "iPhone Developer";
				COPY_PHASE_STRIP = NO;
				DEBUG_INFORMATION_FORMAT = dwarf;
				ENABLE_STRICT_OBJC_MSGSEND = YES;
				ENABLE_TESTABILITY = YES;
				GCC_C_LANGUAGE_STANDARD = gnu99;
				GCC_DYNAMIC_NO_PIC = NO;
				GCC_NO_COMMON_BLOCKS = YES;
				GCC_OPTIMIZATION_LEVEL = 0;
				GCC_PREPROCESSOR_DEFINITIONS = (
					"DEBUG=1",
					"$(inherited)",
				);
				GCC_WARN_64_TO_32_BIT_CONVERSION = YES;
				GCC_WARN_ABOUT_RETURN_TYPE = YES_ERROR;
				GCC_WARN_UNDECLARED_SELECTOR = YES;
				GCC_WARN_UNINITIALIZED_AUTOS = YES_AGGRESSIVE;
				GCC_WARN_UNUSED_FUNCTION = YES;
				GCC_WARN_UNUSED_VARIABLE = YES;
				IPHONEOS_DEPLOYMENT_TARGET = 9.3;
				MTL_ENABLE_DEBUG_INFO = YES;
				ONLY_ACTIVE_ARCH = YES;
				SDKROOT = iphoneos;
				SWIFT_OPTIMIZATION_LEVEL = "-Onone";
				TARGETED_DEVICE_FAMILY = "1,2";
			};
			name = Debug;
		};
		11319EA21DAD3136007F0090 /* Release */ = {
			isa = XCBuildConfiguration;
			buildSettings = {
				ALWAYS_SEARCH_USER_PATHS = NO;
				CLANG_ANALYZER_NONNULL = YES;
				CLANG_CXX_LANGUAGE_STANDARD = "gnu++0x";
				CLANG_CXX_LIBRARY = "libc++";
				CLANG_ENABLE_MODULES = YES;
				CLANG_ENABLE_OBJC_ARC = YES;
				CLANG_WARN_BOOL_CONVERSION = YES;
				CLANG_WARN_CONSTANT_CONVERSION = YES;
				CLANG_WARN_DIRECT_OBJC_ISA_USAGE = YES_ERROR;
				CLANG_WARN_EMPTY_BODY = YES;
				CLANG_WARN_ENUM_CONVERSION = YES;
				CLANG_WARN_INT_CONVERSION = YES;
				CLANG_WARN_OBJC_ROOT_CLASS = YES_ERROR;
				CLANG_WARN_UNREACHABLE_CODE = YES;
				CLANG_WARN__DUPLICATE_METHOD_MATCH = YES;
				"CODE_SIGN_IDENTITY[sdk=iphoneos*]" = "iPhone Developer";
				COPY_PHASE_STRIP = NO;
				DEBUG_INFORMATION_FORMAT = "dwarf-with-dsym";
				ENABLE_NS_ASSERTIONS = NO;
				ENABLE_STRICT_OBJC_MSGSEND = YES;
				GCC_C_LANGUAGE_STANDARD = gnu99;
				GCC_NO_COMMON_BLOCKS = YES;
				GCC_WARN_64_TO_32_BIT_CONVERSION = YES;
				GCC_WARN_ABOUT_RETURN_TYPE = YES_ERROR;
				GCC_WARN_UNDECLARED_SELECTOR = YES;
				GCC_WARN_UNINITIALIZED_AUTOS = YES_AGGRESSIVE;
				GCC_WARN_UNUSED_FUNCTION = YES;
				GCC_WARN_UNUSED_VARIABLE = YES;
				IPHONEOS_DEPLOYMENT_TARGET = 9.3;
				MTL_ENABLE_DEBUG_INFO = NO;
				SDKROOT = iphoneos;
				TARGETED_DEVICE_FAMILY = "1,2";
				VALIDATE_PRODUCT = YES;
			};
			name = Release;
		};
		11319EA41DAD3136007F0090 /* Debug */ = {
			isa = XCBuildConfiguration;
			buildSettings = {
				ASSETCATALOG_COMPILER_APPICON_NAME = AppIcon;
				INFOPLIST_FILE = UIKitMemoryTests/Info.plist;
				LD_RUNPATH_SEARCH_PATHS = "$(inherited) @executable_path/Frameworks";
				PRODUCT_BUNDLE_IDENTIFIER = com.marcopappalardo.UIKitMemoryTests;
				PRODUCT_NAME = "$(TARGET_NAME)";
			};
			name = Debug;
		};
		11319EA51DAD3136007F0090 /* Release */ = {
			isa = XCBuildConfiguration;
			buildSettings = {
				ASSETCATALOG_COMPILER_APPICON_NAME = AppIcon;
				INFOPLIST_FILE = UIKitMemoryTests/Info.plist;
				LD_RUNPATH_SEARCH_PATHS = "$(inherited) @executable_path/Frameworks";
				PRODUCT_BUNDLE_IDENTIFIER = com.marcopappalardo.UIKitMemoryTests;
				PRODUCT_NAME = "$(TARGET_NAME)";
			};
			name = Release;
		};
/* End XCBuildConfiguration section */

/* Begin XCConfigurationList section */
		11319E8C1DAD3135007F0090 /* Build configuration list for PBXProject "UIKitMemoryTests" */ = {
			isa = XCConfigurationList;
			buildConfigurations = (
				11319EA11DAD3136007F0090 /* Debug */,
				11319EA21DAD3136007F0090 /* Release */,
			);
			defaultConfigurationIsVisible = 0;
			defaultConfigurationName = Release;
		};
		11319EA31DAD3136007F0090 /* Build configuration list for PBXNativeTarget "UIKitMemoryTests" */ = {
			isa = XCConfigurationList;
			buildConfigurations = (
				11319EA41DAD3136007F0090 /* Debug */,
				11319EA51DAD3136007F0090 /* Release */,
			);
			defaultConfigurationIsVisible = 0;
		};
/* End XCConfigurationList section */
	};
	rootObject = 11319E891DAD3135007F0090 /* Project object */;
}
